Microsoft Visual Studio Solution File, Format Version 12.00
# Visual Studio Version 16
VisualStudioVersion = 16.0.31112.23
MinimumVisualStudioVersion = 10.0.40219.1
Project("{FAE04EC0-301F-11D3-BF4B-00C04F79EFBC}") = "VSModLauncher", "VSModLauncher.csproj", "{203DFBF1-3599-43FD-8487-E1C79C2B788F}"
	ProjectSection(ProjectDependencies) = postProject
		{36C91EE7-484E-4A49-8834-E3502F0FF8CF} = {36C91EE7-484E-4A49-8834-E3502F0FF8CF}
	EndProjectSection
EndProject
Project("{FAE04EC0-301F-11D3-BF4B-00C04F79EFBC}") = "qptech", "mods\qptech\qptech.csproj", "{36C91EE7-484E-4A49-8834-E3502F0FF8CF}"
EndProject
Project("{9A19103F-16F7-4668-BE54-9A1E7A4F7556}") = "qptech furniture", "mods\qptech furniture\qptech furniture.csproj", "{4DB6D41F-2135-405A-B4E0-0E14A51DBEBD}"
EndProject
Project("{9A19103F-16F7-4668-BE54-9A1E7A4F7556}") = "rangedweapons", "mods\weapons wip\rangedweapons.csproj", "{6306CDED-0A21-440B-AAF5-E42AC30A6221}"
EndProject
Global
	GlobalSection(SolutionConfigurationPlatforms) = preSolution
		Debug|Any CPU = Debug|Any CPU
		Release x64|Any CPU = Release x64|Any CPU
		Release|Any CPU = Release|Any CPU
	EndGlobalSection
	GlobalSection(ProjectConfigurationPlatforms) = postSolution
		{203DFBF1-3599-43FD-8487-E1C79C2B788F}.Debug|Any CPU.ActiveCfg = Debug|Any CPU
		{203DFBF1-3599-43FD-8487-E1C79C2B788F}.Debug|Any CPU.Build.0 = Debug|Any CPU
		{203DFBF1-3599-43FD-8487-E1C79C2B788F}.Release x64|Any CPU.ActiveCfg = Release|Any CPU
		{203DFBF1-3599-43FD-8487-E1C79C2B788F}.Release x64|Any CPU.Build.0 = Release|Any CPU
		{203DFBF1-3599-43FD-8487-E1C79C2B788F}.Release|Any CPU.ActiveCfg = Release|Any CPU
		{203DFBF1-3599-43FD-8487-E1C79C2B788F}.Release|Any CPU.Build.0 = Release|Any CPU
		{36C91EE7-484E-4A49-8834-E3502F0FF8CF}.Debug|Any CPU.ActiveCfg = Debug|Any CPU
		{36C91EE7-484E-4A49-8834-E3502F0FF8CF}.Debug|Any CPU.Build.0 = Debug|Any CPU
		{36C91EE7-484E-4A49-8834-E3502F0FF8CF}.Release x64|Any CPU.ActiveCfg = Release|Any CPU
		{36C91EE7-484E-4A49-8834-E3502F0FF8CF}.Release x64|Any CPU.Build.0 = Release|Any CPU
		{36C91EE7-484E-4A49-8834-E3502F0FF8CF}.Release|Any CPU.ActiveCfg = Release|Any CPU
		{36C91EE7-484E-4A49-8834-E3502F0FF8CF}.Release|Any CPU.Build.0 = Release|Any CPU
		{4DB6D41F-2135-405A-B4E0-0E14A51DBEBD}.Debug|Any CPU.ActiveCfg = Debug|Any CPU
		{4DB6D41F-2135-405A-B4E0-0E14A51DBEBD}.Debug|Any CPU.Build.0 = Debug|Any CPU
		{4DB6D41F-2135-405A-B4E0-0E14A51DBEBD}.Release x64|Any CPU.ActiveCfg = Release|Any CPU
		{4DB6D41F-2135-405A-B4E0-0E14A51DBEBD}.Release x64|Any CPU.Build.0 = Release|Any CPU
		{4DB6D41F-2135-405A-B4E0-0E14A51DBEBD}.Release|Any CPU.ActiveCfg = Release|Any CPU
		{4DB6D41F-2135-405A-B4E0-0E14A51DBEBD}.Release|Any CPU.Build.0 = Release|Any CPU
		{6306CDED-0A21-440B-AAF5-E42AC30A6221}.Debug|Any CPU.ActiveCfg = Debug|Any CPU
		{6306CDED-0A21-440B-AAF5-E42AC30A6221}.Debug|Any CPU.Build.0 = Debug|Any CPU
		{6306CDED-0A21-440B-AAF5-E42AC30A6221}.Release x64|Any CPU.ActiveCfg = Release|Any CPU
		{6306CDED-0A21-440B-AAF5-E42AC30A6221}.Release x64|Any CPU.Build.0 = Release|Any CPU
		{6306CDED-0A21-440B-AAF5-E42AC30A6221}.Release|Any CPU.ActiveCfg = Release|Any CPU
		{6306CDED-0A21-440B-AAF5-E42AC30A6221}.Release|Any CPU.Build.0 = Release|Any CPU
	EndGlobalSection
	GlobalSection(SolutionProperties) = preSolution
		HideSolutionNode = FALSE
	EndGlobalSection
	GlobalSection(ExtensibilityGlobals) = postSolution
		SolutionGuid = {26630D08-373A-4935-AEEC-2864013A5F5B}
	EndGlobalSection
EndGlobal
